
Microsoft Visual Studio Solution File, Format Version 12.00
# Visual Studio Version 17
VisualStudioVersion = 17.10.34928.147
MinimumVisualStudioVersion = 10.0.40219.1
Project("{9A19103F-16F7-4668-BE54-9A1E7A4F7556}") = "Petalaka.Microservice.Centralization", "Petalaka.Microservice.Centralization\Petalaka.Microservice.Centralization.csproj", "{25827D2C-4CCC-4614-AD7D-34D8F733908D}"
EndProject
Project("{E53339B2-1760-4266-BCC7-CA923CBCF16C}") = "docker-compose", "docker-compose.dcproj", "{22A21794-6B32-45BF-A60E-6646A4EE67E0}"
EndProject
Global
	GlobalSection(SolutionConfigurationPlatforms) = preSolution
		Debug|Any CPU = Debug|Any CPU
		Release|Any CPU = Release|Any CPU
	EndGlobalSection
	GlobalSection(ProjectConfigurationPlatforms) = postSolution
		{25827D2C-4CCC-4614-AD7D-34D8F733908D}.Debug|Any CPU.ActiveCfg = Debug|Any CPU
		{25827D2C-4CCC-4614-AD7D-34D8F733908D}.Debug|Any CPU.Build.0 = Debug|Any CPU
		{25827D2C-4CCC-4614-AD7D-34D8F733908D}.Release|Any CPU.ActiveCfg = Release|Any CPU
		{25827D2C-4CCC-4614-AD7D-34D8F733908D}.Release|Any CPU.Build.0 = Release|Any CPU
		{22A21794-6B32-45BF-A60E-6646A4EE67E0}.Debug|Any CPU.ActiveCfg = Debug|Any CPU
		{22A21794-6B32-45BF-A60E-6646A4EE67E0}.Debug|Any CPU.Build.0 = Debug|Any CPU
		{22A21794-6B32-45BF-A60E-6646A4EE67E0}.Release|Any CPU.ActiveCfg = Release|Any CPU
		{22A21794-6B32-45BF-A60E-6646A4EE67E0}.Release|Any CPU.Build.0 = Release|Any CPU
	EndGlobalSection
	GlobalSection(SolutionProperties) = preSolution
		HideSolutionNode = FALSE
	EndGlobalSection
	GlobalSection(ExtensibilityGlobals) = postSolution
		SolutionGuid = {03CA4A1B-40CD-4580-B5DB-91B9F3B3B11C}
	EndGlobalSection
EndGlobal
